
Microsoft Visual Studio Solution File, Format Version 12.00
# Visual Studio 15
VisualStudioVersion = 15.0.28307.1082
MinimumVisualStudioVersion = 10.0.40219.1
Project("{F184B08F-C81C-45F6-A57F-5ABD9991F28F}") = "Chegg_1", "Chegg_1/Chegg_1.vbproj", "{D1D417E1-F843-4864-84F7-4EBAE2F2C1D1}"
EndProject
Global
	GlobalSection(SolutionConfigurationPlatforms) = preSolution
		Debug|Any CPU = Debug|Any CPU
		Release|Any CPU = Release|Any CPU
	EndGlobalSection
	GlobalSection(ProjectConfigurationPlatforms) = postSolution
		{D1D417E1-F843-4864-84F7-4EBAE2F2C1D1}.Debug|Any CPU.ActiveCfg = Debug|Any CPU
		{D1D417E1-F843-4864-84F7-4EBAE2F2C1D1}.Debug|Any CPU.Build.0 = Debug|Any CPU
		{D1D417E1-F843-4864-84F7-4EBAE2F2C1D1}.Release|Any CPU.ActiveCfg = Release|Any CPU
		{D1D417E1-F843-4864-84F7-4EBAE2F2C1D1}.Release|Any CPU.Build.0 = Release|Any CPU
	EndGlobalSection
	GlobalSection(SolutionProperties) = preSolution
		HideSolutionNode = FALSE
	EndGlobalSection
	GlobalSection(ExtensibilityGlobals) = postSolution
		SolutionGuid = {E896ECC8-3836-4803-BE3D-A9176524476C}
	EndGlobalSection
EndGlobal
